
Microsoft Visual Studio Solution File, Format Version 12.00
# Visual Studio Version 17
VisualStudioVersion = 17.13.35931.197 d17.13
MinimumVisualStudioVersion = 10.0.40219.1
Project("{FAE04EC0-301F-11D3-BF4B-00C04F79EFBC}") = "WpfStudyApp01", "WpfStudyApp01\WpfStudyApp01.csproj", "{14CB3A9F-95F8-492B-AEF0-E3D1AD02036F}"
EndProject
Project("{FAE04EC0-301F-11D3-BF4B-00C04F79EFBC}") = "WpfStudyApp02", "WpfStudyApp02\WpfStudyApp02.csproj", "{C72F2CA1-452E-4141-8708-01C863B28414}"
EndProject
Project("{FAE04EC0-301F-11D3-BF4B-00C04F79EFBC}") = "WpfStudyApp03", "WpfStudyApp03\WpfStudyApp03.csproj", "{1713153E-D71B-458B-907C-1C0D9C621B82}"
EndProject
Project("{FAE04EC0-301F-11D3-BF4B-00C04F79EFBC}") = "WpfStudyApp04", "WpfStudyApp04\WpfStudyApp04.csproj", "{70AC0BFE-4D70-4FEE-B262-05E1E9732F85}"
EndProject
Global
	GlobalSection(SolutionConfigurationPlatforms) = preSolution
		Debug|Any CPU = Debug|Any CPU
		Release|Any CPU = Release|Any CPU
	EndGlobalSection
	GlobalSection(ProjectConfigurationPlatforms) = postSolution
		{14CB3A9F-95F8-492B-AEF0-E3D1AD02036F}.Debug|Any CPU.ActiveCfg = Debug|Any CPU
		{14CB3A9F-95F8-492B-AEF0-E3D1AD02036F}.Debug|Any CPU.Build.0 = Debug|Any CPU
		{14CB3A9F-95F8-492B-AEF0-E3D1AD02036F}.Release|Any CPU.ActiveCfg = Release|Any CPU
		{14CB3A9F-95F8-492B-AEF0-E3D1AD02036F}.Release|Any CPU.Build.0 = Release|Any CPU
		{C72F2CA1-452E-4141-8708-01C863B28414}.Debug|Any CPU.ActiveCfg = Debug|Any CPU
		{C72F2CA1-452E-4141-8708-01C863B28414}.Debug|Any CPU.Build.0 = Debug|Any CPU
		{C72F2CA1-452E-4141-8708-01C863B28414}.Release|Any CPU.ActiveCfg = Release|Any CPU
		{C72F2CA1-452E-4141-8708-01C863B28414}.Release|Any CPU.Build.0 = Release|Any CPU
		{1713153E-D71B-458B-907C-1C0D9C621B82}.Debug|Any CPU.ActiveCfg = Debug|Any CPU
		{1713153E-D71B-458B-907C-1C0D9C621B82}.Debug|Any CPU.Build.0 = Debug|Any CPU
		{1713153E-D71B-458B-907C-1C0D9C621B82}.Release|Any CPU.ActiveCfg = Release|Any CPU
		{1713153E-D71B-458B-907C-1C0D9C621B82}.Release|Any CPU.Build.0 = Release|Any CPU
		{70AC0BFE-4D70-4FEE-B262-05E1E9732F85}.Debug|Any CPU.ActiveCfg = Debug|Any CPU
		{70AC0BFE-4D70-4FEE-B262-05E1E9732F85}.Debug|Any CPU.Build.0 = Debug|Any CPU
		{70AC0BFE-4D70-4FEE-B262-05E1E9732F85}.Release|Any CPU.ActiveCfg = Release|Any CPU
		{70AC0BFE-4D70-4FEE-B262-05E1E9732F85}.Release|Any CPU.Build.0 = Release|Any CPU
	EndGlobalSection
	GlobalSection(SolutionProperties) = preSolution
		HideSolutionNode = FALSE
	EndGlobalSection
	GlobalSection(ExtensibilityGlobals) = postSolution
		SolutionGuid = {AEC1C90B-7AB4-4CBE-A2A7-EECA941BDF4D}
	EndGlobalSection
EndGlobal
