
Microsoft Visual Studio Solution File, Format Version 12.00
# Visual Studio Version 17
VisualStudioVersion = 17.13.35931.197
MinimumVisualStudioVersion = 10.0.40219.1
Project("{FAE04EC0-301F-11D3-BF4B-00C04F79EFBC}") = "ToyProject", "ToyProject\ToyProject.csproj", "{CDB1C430-26CD-435F-BD59-474307B06E5A}"
EndProject
Global
	GlobalSection(SolutionConfigurationPlatforms) = preSolution
		Debug|Any CPU = Debug|Any CPU
		Release|Any CPU = Release|Any CPU
	EndGlobalSection
	GlobalSection(ProjectConfigurationPlatforms) = postSolution
		{CDB1C430-26CD-435F-BD59-474307B06E5A}.Debug|Any CPU.ActiveCfg = Debug|Any CPU
		{CDB1C430-26CD-435F-BD59-474307B06E5A}.Debug|Any CPU.Build.0 = Debug|Any CPU
		{CDB1C430-26CD-435F-BD59-474307B06E5A}.Release|Any CPU.ActiveCfg = Release|Any CPU
		{CDB1C430-26CD-435F-BD59-474307B06E5A}.Release|Any CPU.Build.0 = Release|Any CPU
	EndGlobalSection
	GlobalSection(SolutionProperties) = preSolution
		HideSolutionNode = FALSE
	EndGlobalSection
	GlobalSection(ExtensibilityGlobals) = postSolution
		SolutionGuid = {C4ED78D7-A86C-41A1-A941-65BA7881094D}
	EndGlobalSection
EndGlobal
