
Microsoft Visual Studio Solution File, Format Version 12.00
# Visual Studio Version 17
VisualStudioVersion = 17.13.35931.197
MinimumVisualStudioVersion = 10.0.40219.1
Project("{FAE04EC0-301F-11D3-BF4B-00C04F79EFBC}") = "ConsoleApp2", "ConsoleApp2\ConsoleApp2.csproj", "{081C466B-62E0-45D8-85BF-00E6368E050D}"
EndProject
Project("{8BC9CEB8-8B4A-11D0-8D11-00A0C91BC942}") = "ConsoleCppApp", "ConsoleCppApp\ConsoleCppApp.vcxproj", "{8E977001-4274-4563-A7C0-281B76620E8E}"
EndProject
Project("{FAE04EC0-301F-11D3-BF4B-00C04F79EFBC}") = "SyntaxWinApp01", "SyntaxWinApp01\SyntaxWinApp01.csproj", "{446735A5-5EDE-4FB7-A84B-8B09A494B0B3}"
EndProject
Project("{FAE04EC0-301F-11D3-BF4B-00C04F79EFBC}") = "SyntaxWinApp02", "SyntaxWinApp02\SyntaxWinApp02.csproj", "{721D0CD6-652C-45AD-8022-F89A44906A43}"
EndProject
Project("{FAE04EC0-301F-11D3-BF4B-00C04F79EFBC}") = "SyntaxWinApp03", "SyntaxWinApp03\SyntaxWinApp03.csproj", "{F7A038FB-F6C8-47A9-B21D-0EF567A5E208}"
EndProject
Project("{FAE04EC0-301F-11D3-BF4B-00C04F79EFBC}") = "SyntaxWinApp04", "SyntaxWinApp04\SyntaxWinApp04.csproj", "{2F0DC0CA-457B-449A-87E2-02679B382158}"
EndProject
Global
	GlobalSection(SolutionConfigurationPlatforms) = preSolution
		Debug|Any CPU = Debug|Any CPU
		Debug|x64 = Debug|x64
		Debug|x86 = Debug|x86
		Release|Any CPU = Release|Any CPU
		Release|x64 = Release|x64
		Release|x86 = Release|x86
	EndGlobalSection
	GlobalSection(ProjectConfigurationPlatforms) = postSolution
		{081C466B-62E0-45D8-85BF-00E6368E050D}.Debug|Any CPU.ActiveCfg = Debug|Any CPU
		{081C466B-62E0-45D8-85BF-00E6368E050D}.Debug|Any CPU.Build.0 = Debug|Any CPU
		{081C466B-62E0-45D8-85BF-00E6368E050D}.Debug|x64.ActiveCfg = Debug|Any CPU
		{081C466B-62E0-45D8-85BF-00E6368E050D}.Debug|x64.Build.0 = Debug|Any CPU
		{081C466B-62E0-45D8-85BF-00E6368E050D}.Debug|x86.ActiveCfg = Debug|Any CPU
		{081C466B-62E0-45D8-85BF-00E6368E050D}.Debug|x86.Build.0 = Debug|Any CPU
		{081C466B-62E0-45D8-85BF-00E6368E050D}.Release|Any CPU.ActiveCfg = Release|Any CPU
		{081C466B-62E0-45D8-85BF-00E6368E050D}.Release|Any CPU.Build.0 = Release|Any CPU
		{081C466B-62E0-45D8-85BF-00E6368E050D}.Release|x64.ActiveCfg = Release|Any CPU
		{081C466B-62E0-45D8-85BF-00E6368E050D}.Release|x64.Build.0 = Release|Any CPU
		{081C466B-62E0-45D8-85BF-00E6368E050D}.Release|x86.ActiveCfg = Release|Any CPU
		{081C466B-62E0-45D8-85BF-00E6368E050D}.Release|x86.Build.0 = Release|Any CPU
		{8E977001-4274-4563-A7C0-281B76620E8E}.Debug|Any CPU.ActiveCfg = Debug|x64
		{8E977001-4274-4563-A7C0-281B76620E8E}.Debug|Any CPU.Build.0 = Debug|x64
		{8E977001-4274-4563-A7C0-281B76620E8E}.Debug|x64.ActiveCfg = Debug|x64
		{8E977001-4274-4563-A7C0-281B76620E8E}.Debug|x64.Build.0 = Debug|x64
		{8E977001-4274-4563-A7C0-281B76620E8E}.Debug|x86.ActiveCfg = Debug|Win32
		{8E977001-4274-4563-A7C0-281B76620E8E}.Debug|x86.Build.0 = Debug|Win32
		{8E977001-4274-4563-A7C0-281B76620E8E}.Release|Any CPU.ActiveCfg = Release|x64
		{8E977001-4274-4563-A7C0-281B76620E8E}.Release|Any CPU.Build.0 = Release|x64
		{8E977001-4274-4563-A7C0-281B76620E8E}.Release|x64.ActiveCfg = Release|x64
		{8E977001-4274-4563-A7C0-281B76620E8E}.Release|x64.Build.0 = Release|x64
		{8E977001-4274-4563-A7C0-281B76620E8E}.Release|x86.ActiveCfg = Release|Win32
		{8E977001-4274-4563-A7C0-281B76620E8E}.Release|x86.Build.0 = Release|Win32
		{446735A5-5EDE-4FB7-A84B-8B09A494B0B3}.Debug|Any CPU.ActiveCfg = Debug|Any CPU
		{446735A5-5EDE-4FB7-A84B-8B09A494B0B3}.Debug|Any CPU.Build.0 = Debug|Any CPU
		{446735A5-5EDE-4FB7-A84B-8B09A494B0B3}.Debug|x64.ActiveCfg = Debug|Any CPU
		{446735A5-5EDE-4FB7-A84B-8B09A494B0B3}.Debug|x64.Build.0 = Debug|Any CPU
		{446735A5-5EDE-4FB7-A84B-8B09A494B0B3}.Debug|x86.ActiveCfg = Debug|Any CPU
		{446735A5-5EDE-4FB7-A84B-8B09A494B0B3}.Debug|x86.Build.0 = Debug|Any CPU
		{446735A5-5EDE-4FB7-A84B-8B09A494B0B3}.Release|Any CPU.ActiveCfg = Release|Any CPU
		{446735A5-5EDE-4FB7-A84B-8B09A494B0B3}.Release|Any CPU.Build.0 = Release|Any CPU
		{446735A5-5EDE-4FB7-A84B-8B09A494B0B3}.Release|x64.ActiveCfg = Release|Any CPU
		{446735A5-5EDE-4FB7-A84B-8B09A494B0B3}.Release|x64.Build.0 = Release|Any CPU
		{446735A5-5EDE-4FB7-A84B-8B09A494B0B3}.Release|x86.ActiveCfg = Release|Any CPU
		{446735A5-5EDE-4FB7-A84B-8B09A494B0B3}.Release|x86.Build.0 = Release|Any CPU
		{721D0CD6-652C-45AD-8022-F89A44906A43}.Debug|Any CPU.ActiveCfg = Debug|Any CPU
		{721D0CD6-652C-45AD-8022-F89A44906A43}.Debug|Any CPU.Build.0 = Debug|Any CPU
		{721D0CD6-652C-45AD-8022-F89A44906A43}.Debug|x64.ActiveCfg = Debug|Any CPU
		{721D0CD6-652C-45AD-8022-F89A44906A43}.Debug|x64.Build.0 = Debug|Any CPU
		{721D0CD6-652C-45AD-8022-F89A44906A43}.Debug|x86.ActiveCfg = Debug|Any CPU
		{721D0CD6-652C-45AD-8022-F89A44906A43}.Debug|x86.Build.0 = Debug|Any CPU
		{721D0CD6-652C-45AD-8022-F89A44906A43}.Release|Any CPU.ActiveCfg = Release|Any CPU
		{721D0CD6-652C-45AD-8022-F89A44906A43}.Release|Any CPU.Build.0 = Release|Any CPU
		{721D0CD6-652C-45AD-8022-F89A44906A43}.Release|x64.ActiveCfg = Release|Any CPU
		{721D0CD6-652C-45AD-8022-F89A44906A43}.Release|x64.Build.0 = Release|Any CPU
		{721D0CD6-652C-45AD-8022-F89A44906A43}.Release|x86.ActiveCfg = Release|Any CPU
		{721D0CD6-652C-45AD-8022-F89A44906A43}.Release|x86.Build.0 = Release|Any CPU
		{F7A038FB-F6C8-47A9-B21D-0EF567A5E208}.Debug|Any CPU.ActiveCfg = Debug|Any CPU
		{F7A038FB-F6C8-47A9-B21D-0EF567A5E208}.Debug|Any CPU.Build.0 = Debug|Any CPU
		{F7A038FB-F6C8-47A9-B21D-0EF567A5E208}.Debug|x64.ActiveCfg = Debug|Any CPU
		{F7A038FB-F6C8-47A9-B21D-0EF567A5E208}.Debug|x64.Build.0 = Debug|Any CPU
		{F7A038FB-F6C8-47A9-B21D-0EF567A5E208}.Debug|x86.ActiveCfg = Debug|Any CPU
		{F7A038FB-F6C8-47A9-B21D-0EF567A5E208}.Debug|x86.Build.0 = Debug|Any CPU
		{F7A038FB-F6C8-47A9-B21D-0EF567A5E208}.Release|Any CPU.ActiveCfg = Release|Any CPU
		{F7A038FB-F6C8-47A9-B21D-0EF567A5E208}.Release|Any CPU.Build.0 = Release|Any CPU
		{F7A038FB-F6C8-47A9-B21D-0EF567A5E208}.Release|x64.ActiveCfg = Release|Any CPU
		{F7A038FB-F6C8-47A9-B21D-0EF567A5E208}.Release|x64.Build.0 = Release|Any CPU
		{F7A038FB-F6C8-47A9-B21D-0EF567A5E208}.Release|x86.ActiveCfg = Release|Any CPU
		{F7A038FB-F6C8-47A9-B21D-0EF567A5E208}.Release|x86.Build.0 = Release|Any CPU
		{2F0DC0CA-457B-449A-87E2-02679B382158}.Debug|Any CPU.ActiveCfg = Debug|Any CPU
		{2F0DC0CA-457B-449A-87E2-02679B382158}.Debug|Any CPU.Build.0 = Debug|Any CPU
		{2F0DC0CA-457B-449A-87E2-02679B382158}.Debug|x64.ActiveCfg = Debug|Any CPU
		{2F0DC0CA-457B-449A-87E2-02679B382158}.Debug|x64.Build.0 = Debug|Any CPU
		{2F0DC0CA-457B-449A-87E2-02679B382158}.Debug|x86.ActiveCfg = Debug|Any CPU
		{2F0DC0CA-457B-449A-87E2-02679B382158}.Debug|x86.Build.0 = Debug|Any CPU
		{2F0DC0CA-457B-449A-87E2-02679B382158}.Release|Any CPU.ActiveCfg = Release|Any CPU
		{2F0DC0CA-457B-449A-87E2-02679B382158}.Release|Any CPU.Build.0 = Release|Any CPU
		{2F0DC0CA-457B-449A-87E2-02679B382158}.Release|x64.ActiveCfg = Release|Any CPU
		{2F0DC0CA-457B-449A-87E2-02679B382158}.Release|x64.Build.0 = Release|Any CPU
		{2F0DC0CA-457B-449A-87E2-02679B382158}.Release|x86.ActiveCfg = Release|Any CPU
		{2F0DC0CA-457B-449A-87E2-02679B382158}.Release|x86.Build.0 = Release|Any CPU
	EndGlobalSection
	GlobalSection(SolutionProperties) = preSolution
		HideSolutionNode = FALSE
	EndGlobalSection
	GlobalSection(ExtensibilityGlobals) = postSolution
		SolutionGuid = {CE5C09B5-273B-4261-A40C-6FEEEF499411}
	EndGlobalSection
EndGlobal
